
Microsoft Visual Studio Solution File, Format Version 12.00
# Visual Studio Version 17
VisualStudioVersion = 17.1.32421.90
MinimumVisualStudioVersion = 10.0.40219.1
Project("{FAE04EC0-301F-11D3-BF4B-00C04F79EFBC}") = "TemplateBootstrap", "TemplateBootstrap\TemplateBootstrap.csproj", "{3FC5380E-FA86-43B4-BC2C-137B1DD0851B}"
EndProject
Global
	GlobalSection(SolutionConfigurationPlatforms) = preSolution
		Debug|Any CPU = Debug|Any CPU
		Release|Any CPU = Release|Any CPU
	EndGlobalSection
	GlobalSection(ProjectConfigurationPlatforms) = postSolution
		{3FC5380E-FA86-43B4-BC2C-137B1DD0851B}.Debug|Any CPU.ActiveCfg = Debug|Any CPU
		{3FC5380E-FA86-43B4-BC2C-137B1DD0851B}.Debug|Any CPU.Build.0 = Debug|Any CPU
		{3FC5380E-FA86-43B4-BC2C-137B1DD0851B}.Release|Any CPU.ActiveCfg = Release|Any CPU
		{3FC5380E-FA86-43B4-BC2C-137B1DD0851B}.Release|Any CPU.Build.0 = Release|Any CPU
	EndGlobalSection
	GlobalSection(SolutionProperties) = preSolution
		HideSolutionNode = FALSE
	EndGlobalSection
	GlobalSection(ExtensibilityGlobals) = postSolution
		SolutionGuid = {21E85114-3286-4762-BA5D-C9DC2C7303A6}
	EndGlobalSection
EndGlobal
